# This file is automatically @generated by Poetry 1.8.3 and should not be changed by hand.

[[package]]
name = "behave"
version = "1.2.6"
description = "behave is behaviour-driven development, Python style"
optional = false
python-versions = ">=2.6, !=3.0.*, !=3.1.*, !=3.2.*"
files = [
    {file = "behave-1.2.6-py2.py3-none-any.whl", hash = "sha256:ebda1a6c9e5bfe95c5f9f0a2794e01c7098b3dde86c10a95d8621c5907ff6f1c"},
    {file = "behave-1.2.6.tar.gz", hash = "sha256:b9662327aa53294c1351b0a9c369093ccec1d21026f050c3bd9b3e5cccf81a86"},
]

[package.dependencies]
parse = ">=1.8.2"
parse-type = ">=0.4.2"
six = ">=1.11"

[package.extras]
develop = ["coverage", "invoke (>=0.21.0)", "modernize (>=0.5)", "path.py (>=8.1.2)", "pathlib", "pycmd", "pylint", "pytest (>=3.0)", "pytest-cov", "tox"]
docs = ["sphinx (>=1.6)", "sphinx-bootstrap-theme (>=0.6)"]

[[package]]
name = "parse"
version = "1.20.2"
description = "parse() is the opposite of format()"
optional = false
python-versions = "*"
files = [
    {file = "parse-1.20.2-py2.py3-none-any.whl", hash = "sha256:967095588cb802add9177d0c0b6133b5ba33b1ea9007ca800e526f42a85af558"},
    {file = "parse-1.20.2.tar.gz", hash = "sha256:b41d604d16503c79d81af5165155c0b20f6c8d6c559efa66b4b695c3e5a0a0ce"},
]

[[package]]
name = "parse-type"
version = "0.6.4"
description = "Simplifies to build parse types based on the parse module"
optional = false
python-versions = "!=3.0.*,!=3.1.*,>=2.7"
files = [
    {file = "parse_type-0.6.4-py2.py3-none-any.whl", hash = "sha256:83d41144a82d6b8541127bf212dd76c7f01baff680b498ce8a4d052a7a5bce4c"},
    {file = "parse_type-0.6.4.tar.gz", hash = "sha256:5e1ec10440b000c3f818006033372939e693a9ec0176f446d9303e4db88489a6"},
]

[package.dependencies]
parse = {version = ">=1.18.0", markers = "python_version >= \"3.0\""}
six = ">=1.15"

[package.extras]
develop = ["build (>=0.5.1)", "coverage (>=4.4)", "pylint", "pytest (<5.0)", "pytest (>=5.0)", "pytest-cov", "pytest-html (>=1.19.0)", "ruff", "setuptools", "setuptools-scm", "tox (>=2.8,<4.0)", "twine (>=1.13.0)", "virtualenv (<20.22.0)", "virtualenv (>=20.0.0)", "wheel"]
docs = ["Sphinx (>=1.6)", "sphinx-bootstrap-theme (>=0.6.0)"]
testing = ["pytest (<5.0)", "pytest (>=5.0)", "pytest-html (>=1.19.0)"]

[[package]]
name = "six"
version = "1.16.0"
description = "Python 2 and 3 compatibility utilities"
optional = false
python-versions = ">=2.7, !=3.0.*, !=3.1.*, !=3.2.*"
files = [
    {file = "six-1.16.0-py2.py3-none-any.whl", hash = "sha256:8abb2f1d86890a2dfb989f9a77cfcfd3e47c2a354b01111771326f8aa26e0254"},
    {file = "six-1.16.0.tar.gz", hash = "sha256:1e61c37477a1626458e36f7b1d82aa5c9b094fa4802892072e49de9c60c4c926"},
]

[metadata]
lock-version = "2.0"
python-versions = "3.11.10"
content-hash = "f86ad030d6b9c65e4e867d50288dccc5f9e9730048602499f0c76353d53ba9c1"
